
Microsoft Visual Studio Solution File, Format Version 12.00
# Visual Studio Version 17
VisualStudioVersion = 17.14.36221.1 d17.14
MinimumVisualStudioVersion = 10.0.40219.1
Project("{FAE04EC0-301F-11D3-BF4B-00C04F79EFBC}") = "QL_CuaHangDienThoai", "QL_CuaHangDienThoai\QL_CuaHangDienThoai.csproj", "{E7FDE1D0-7C1F-4534-8088-DC2035F55F9F}"
EndProject
Global
	GlobalSection(SolutionConfigurationPlatforms) = preSolution
		Debug|Any CPU = Debug|Any CPU
		Release|Any CPU = Release|Any CPU
	EndGlobalSection
	GlobalSection(ProjectConfigurationPlatforms) = postSolution
		{E7FDE1D0-7C1F-4534-8088-DC2035F55F9F}.Debug|Any CPU.ActiveCfg = Debug|Any CPU
		{E7FDE1D0-7C1F-4534-8088-DC2035F55F9F}.Debug|Any CPU.Build.0 = Debug|Any CPU
		{E7FDE1D0-7C1F-4534-8088-DC2035F55F9F}.Release|Any CPU.ActiveCfg = Release|Any CPU
		{E7FDE1D0-7C1F-4534-8088-DC2035F55F9F}.Release|Any CPU.Build.0 = Release|Any CPU
	EndGlobalSection
	GlobalSection(SolutionProperties) = preSolution
		HideSolutionNode = FALSE
	EndGlobalSection
	GlobalSection(ExtensibilityGlobals) = postSolution
		SolutionGuid = {20B48F48-CAEE-4DFA-B2DD-83A0C512B276}
	EndGlobalSection
EndGlobal
